// !$*UTF8*$!
{
	archiveVersion = 1;
	classes = {
	};
	objectVersion = 50;
	objects = {

/* Begin PBXBuildFile section */
		FE19EA2C21F65E8900583EF8 /* AppDelegate.swift in Sources */ = {isa = PBXBuildFile; fileRef = FE19EA2B21F65E8900583EF8 /* AppDelegate.swift */; };
		FE19EA2E21F65E8900583EF8 /* MapViewController.swift in Sources */ = {isa = PBXBuildFile; fileRef = FE19EA2D21F65E8900583EF8 /* MapViewController.swift */; };
		FE19EA3121F65E8900583EF8 /* Main.storyboard in Resources */ = {isa = PBXBuildFile; fileRef = FE19EA2F21F65E8900583EF8 /* Main.storyboard */; };
		FE19EA3321F65E8B00583EF8 /* Assets.xcassets in Resources */ = {isa = PBXBuildFile; fileRef = FE19EA3221F65E8B00583EF8 /* Assets.xcassets */; };
		FE19EA3621F65E8B00583EF8 /* LaunchScreen.storyboard in Resources */ = {isa = PBXBuildFile; fileRef = FE19EA3421F65E8B00583EF8 /* LaunchScreen.storyboard */; };
		FE19EA8E21F8C7B200583EF8 /* VirtualTourist.xcdatamodeld in Sources */ = {isa = PBXBuildFile; fileRef = FE19EA8C21F8C7B200583EF8 /* VirtualTourist.xcdatamodeld */; };
		FE19EA9021F8C97800583EF8 /* CoreDataStack.swift in Sources */ = {isa = PBXBuildFile; fileRef = FE19EA8F21F8C97800583EF8 /* CoreDataStack.swift */; };
		FE19EA9521FA1A7200583EF8 /* Location+MKAnnotation.swift in Sources */ = {isa = PBXBuildFile; fileRef = FE19EA9421FA1A7200583EF8 /* Location+MKAnnotation.swift */; };
		FE19EA9821FB989300583EF8 /* FlickrClient.swift in Sources */ = {isa = PBXBuildFile; fileRef = FE19EA9721FB989300583EF8 /* FlickrClient.swift */; };
		FE19EA9C21FBCCF700583EF8 /* FlickrConvenience.swift in Sources */ = {isa = PBXBuildFile; fileRef = FE19EA9B21FBCCF700583EF8 /* FlickrConvenience.swift */; };
		FE19EAA921FCBA6F00583EF8 /* EndPointType.swift in Sources */ = {isa = PBXBuildFile; fileRef = FE19EAA821FCBA6F00583EF8 /* EndPointType.swift */; };
		FE19EAAB21FCBB4B00583EF8 /* HTTPMethod.swift in Sources */ = {isa = PBXBuildFile; fileRef = FE19EAAA21FCBB4B00583EF8 /* HTTPMethod.swift */; };
		FE19EAAD21FCBC0000583EF8 /* HTTPTask.swift in Sources */ = {isa = PBXBuildFile; fileRef = FE19EAAC21FCBC0000583EF8 /* HTTPTask.swift */; };
		FE19EAAF21FCC39D00583EF8 /* ParameterEnconding.swift in Sources */ = {isa = PBXBuildFile; fileRef = FE19EAAE21FCC39D00583EF8 /* ParameterEnconding.swift */; };
		FE19EAB121FCC6A100583EF8 /* URLParameterEncoder.swift in Sources */ = {isa = PBXBuildFile; fileRef = FE19EAB021FCC6A100583EF8 /* URLParameterEncoder.swift */; };
		FE19EAB321FCCBB800583EF8 /* JSONParameterEncoder.swift in Sources */ = {isa = PBXBuildFile; fileRef = FE19EAB221FCCBB800583EF8 /* JSONParameterEncoder.swift */; };
		FE19EAB521FCCCDB00583EF8 /* NetworkRouter.swift in Sources */ = {isa = PBXBuildFile; fileRef = FE19EAB421FCCCDB00583EF8 /* NetworkRouter.swift */; };
		FE19EAB721FCDED900583EF8 /* Router.swift in Sources */ = {isa = PBXBuildFile; fileRef = FE19EAB621FCDED900583EF8 /* Router.swift */; };
		FE19EAB921FCF3BC00583EF8 /* FlickrApi.swift in Sources */ = {isa = PBXBuildFile; fileRef = FE19EAB821FCF3BC00583EF8 /* FlickrApi.swift */; };
		FE19EABB21FCF58200583EF8 /* FlickrApiManager.swift in Sources */ = {isa = PBXBuildFile; fileRef = FE19EABA21FCF58200583EF8 /* FlickrApiManager.swift */; };
		FE19EABE21FCFB1F00583EF8 /* FlickrConstants.swift in Sources */ = {isa = PBXBuildFile; fileRef = FE19EABD21FCFB1F00583EF8 /* FlickrConstants.swift */; };
		FE19EAC021FD01ED00583EF8 /* Photo.swift in Sources */ = {isa = PBXBuildFile; fileRef = FE19EABF21FD01ED00583EF8 /* Photo.swift */; };
		FE19EAC321FD175700583EF8 /* NetworkLogger.swift in Sources */ = {isa = PBXBuildFile; fileRef = FE19EAC221FD175700583EF8 /* NetworkLogger.swift */; };
/* End PBXBuildFile section */

/* Begin PBXFileReference section */
		FE19EA2821F65E8900583EF8 /* VirtualTourist.app */ = {isa = PBXFileReference; explicitFileType = wrapper.application; includeInIndex = 0; path = VirtualTourist.app; sourceTree = BUILT_PRODUCTS_DIR; };
		FE19EA2B21F65E8900583EF8 /* AppDelegate.swift */ = {isa = PBXFileReference; lastKnownFileType = sourcecode.swift; path = AppDelegate.swift; sourceTree = "<group>"; };
		FE19EA2D21F65E8900583EF8 /* MapViewController.swift */ = {isa = PBXFileReference; lastKnownFileType = sourcecode.swift; path = MapViewController.swift; sourceTree = "<group>"; };
		FE19EA3021F65E8900583EF8 /* Base */ = {isa = PBXFileReference; lastKnownFileType = file.storyboard; name = Base; path = Base.lproj/Main.storyboard; sourceTree = "<group>"; };
		FE19EA3221F65E8B00583EF8 /* Assets.xcassets */ = {isa = PBXFileReference; lastKnownFileType = folder.assetcatalog; path = Assets.xcassets; sourceTree = "<group>"; };
		FE19EA3521F65E8B00583EF8 /* Base */ = {isa = PBXFileReference; lastKnownFileType = file.storyboard; name = Base; path = Base.lproj/LaunchScreen.storyboard; sourceTree = "<group>"; };
		FE19EA3721F65E8B00583EF8 /* Info.plist */ = {isa = PBXFileReference; lastKnownFileType = text.plist.xml; path = Info.plist; sourceTree = "<group>"; };
		FE19EA8D21F8C7B200583EF8 /* VirtualTourist.xcdatamodel */ = {isa = PBXFileReference; lastKnownFileType = wrapper.xcdatamodel; path = VirtualTourist.xcdatamodel; sourceTree = "<group>"; };
		FE19EA8F21F8C97800583EF8 /* CoreDataStack.swift */ = {isa = PBXFileReference; lastKnownFileType = sourcecode.swift; path = CoreDataStack.swift; sourceTree = "<group>"; };
		FE19EA9421FA1A7200583EF8 /* Location+MKAnnotation.swift */ = {isa = PBXFileReference; lastKnownFileType = sourcecode.swift; path = "Location+MKAnnotation.swift"; sourceTree = "<group>"; };
		FE19EA9721FB989300583EF8 /* FlickrClient.swift */ = {isa = PBXFileReference; lastKnownFileType = sourcecode.swift; path = FlickrClient.swift; sourceTree = "<group>"; };
		FE19EA9B21FBCCF700583EF8 /* FlickrConvenience.swift */ = {isa = PBXFileReference; lastKnownFileType = sourcecode.swift; path = FlickrConvenience.swift; sourceTree = "<group>"; };
		FE19EAA821FCBA6F00583EF8 /* EndPointType.swift */ = {isa = PBXFileReference; lastKnownFileType = sourcecode.swift; path = EndPointType.swift; sourceTree = "<group>"; };
		FE19EAAA21FCBB4B00583EF8 /* HTTPMethod.swift */ = {isa = PBXFileReference; lastKnownFileType = sourcecode.swift; path = HTTPMethod.swift; sourceTree = "<group>"; };
		FE19EAAC21FCBC0000583EF8 /* HTTPTask.swift */ = {isa = PBXFileReference; lastKnownFileType = sourcecode.swift; path = HTTPTask.swift; sourceTree = "<group>"; };
		FE19EAAE21FCC39D00583EF8 /* ParameterEnconding.swift */ = {isa = PBXFileReference; lastKnownFileType = sourcecode.swift; path = ParameterEnconding.swift; sourceTree = "<group>"; };
		FE19EAB021FCC6A100583EF8 /* URLParameterEncoder.swift */ = {isa = PBXFileReference; lastKnownFileType = sourcecode.swift; path = URLParameterEncoder.swift; sourceTree = "<group>"; };
		FE19EAB221FCCBB800583EF8 /* JSONParameterEncoder.swift */ = {isa = PBXFileReference; lastKnownFileType = sourcecode.swift; path = JSONParameterEncoder.swift; sourceTree = "<group>"; };
		FE19EAB421FCCCDB00583EF8 /* NetworkRouter.swift */ = {isa = PBXFileReference; lastKnownFileType = sourcecode.swift; path = NetworkRouter.swift; sourceTree = "<group>"; };
		FE19EAB621FCDED900583EF8 /* Router.swift */ = {isa = PBXFileReference; lastKnownFileType = sourcecode.swift; path = Router.swift; sourceTree = "<group>"; };
		FE19EAB821FCF3BC00583EF8 /* FlickrApi.swift */ = {isa = PBXFileReference; lastKnownFileType = sourcecode.swift; path = FlickrApi.swift; sourceTree = "<group>"; };
		FE19EABA21FCF58200583EF8 /* FlickrApiManager.swift */ = {isa = PBXFileReference; lastKnownFileType = sourcecode.swift; path = FlickrApiManager.swift; sourceTree = "<group>"; };
		FE19EABD21FCFB1F00583EF8 /* FlickrConstants.swift */ = {isa = PBXFileReference; lastKnownFileType = sourcecode.swift; path = FlickrConstants.swift; sourceTree = "<group>"; };
		FE19EABF21FD01ED00583EF8 /* Photo.swift */ = {isa = PBXFileReference; lastKnownFileType = sourcecode.swift; path = Photo.swift; sourceTree = "<group>"; };
		FE19EAC221FD175700583EF8 /* NetworkLogger.swift */ = {isa = PBXFileReference; lastKnownFileType = sourcecode.swift; path = NetworkLogger.swift; sourceTree = "<group>"; };
/* End PBXFileReference section */

/* Begin PBXFrameworksBuildPhase section */
		FE19EA2521F65E8800583EF8 /* Frameworks */ = {
			isa = PBXFrameworksBuildPhase;
			buildActionMask = 2147483647;
			files = (
			);
			runOnlyForDeploymentPostprocessing = 0;
		};
/* End PBXFrameworksBuildPhase section */

/* Begin PBXGroup section */
		FE19EA1F21F65E8800583EF8 = {
			isa = PBXGroup;
			children = (
				FE19EA2A21F65E8900583EF8 /* VirtualTourist */,
				FE19EA2921F65E8900583EF8 /* Products */,
			);
			sourceTree = "<group>";
		};
		FE19EA2921F65E8900583EF8 /* Products */ = {
			isa = PBXGroup;
			children = (
				FE19EA2821F65E8900583EF8 /* VirtualTourist.app */,
			);
			name = Products;
			sourceTree = "<group>";
		};
		FE19EA2A21F65E8900583EF8 /* VirtualTourist */ = {
			isa = PBXGroup;
			children = (
				FE19EAA321FCB6E900583EF8 /* Networking */,
				FE19EA4B21F781B700583EF8 /* Supporting Files */,
				FE19EA4A21F77A4400583EF8 /* Stores */,
				FE19EA4721F779FE00583EF8 /* CoreData */,
				FE19EA3F21F660BD00583EF8 /* Controllers */,
				FE19EA3D21F660B100583EF8 /* Models */,
				FE19EA2B21F65E8900583EF8 /* AppDelegate.swift */,
				FE19EA3221F65E8B00583EF8 /* Assets.xcassets */,
			);
			path = VirtualTourist;
			sourceTree = "<group>";
		};
		FE19EA3D21F660B100583EF8 /* Models */ = {
			isa = PBXGroup;
			children = (
				FE19EA9621FB964500583EF8 /* Flickr */,
				FE19EABF21FD01ED00583EF8 /* Photo.swift */,
			);
			path = Models;
			sourceTree = "<group>";
		};
		FE19EA3F21F660BD00583EF8 /* Controllers */ = {
			isa = PBXGroup;
			children = (
				FE19EA4E21F7D28E00583EF8 /* Map */,
			);
			path = Controllers;
			sourceTree = "<group>";
		};
		FE19EA4721F779FE00583EF8 /* CoreData */ = {
			isa = PBXGroup;
			children = (
				FE19EA9121FA1A3C00583EF8 /* Managed Object Extensions */,
				FE19EA8C21F8C7B200583EF8 /* VirtualTourist.xcdatamodeld */,
				FE19EA8F21F8C97800583EF8 /* CoreDataStack.swift */,
			);
			path = CoreData;
			sourceTree = "<group>";
		};
		FE19EA4A21F77A4400583EF8 /* Stores */ = {
			isa = PBXGroup;
			children = (
				FE19EA2F21F65E8900583EF8 /* Main.storyboard */,
				FE19EA3421F65E8B00583EF8 /* LaunchScreen.storyboard */,
			);
			path = Stores;
			sourceTree = "<group>";
		};
		FE19EA4B21F781B700583EF8 /* Supporting Files */ = {
			isa = PBXGroup;
			children = (
				FE19EA3721F65E8B00583EF8 /* Info.plist */,
			);
			path = "Supporting Files";
			sourceTree = "<group>";
		};
		FE19EA4E21F7D28E00583EF8 /* Map */ = {
			isa = PBXGroup;
			children = (
				FE19EA2D21F65E8900583EF8 /* MapViewController.swift */,
			);
			path = Map;
			sourceTree = "<group>";
		};
		FE19EA9121FA1A3C00583EF8 /* Managed Object Extensions */ = {
			isa = PBXGroup;
			children = (
				FE19EA9421FA1A7200583EF8 /* Location+MKAnnotation.swift */,
			);
			path = "Managed Object Extensions";
			sourceTree = "<group>";
		};
		FE19EA9621FB964500583EF8 /* Flickr */ = {
			isa = PBXGroup;
			children = (
				FE19EA9721FB989300583EF8 /* FlickrClient.swift */,
				FE19EA9B21FBCCF700583EF8 /* FlickrConvenience.swift */,
			);
			path = Flickr;
			sourceTree = "<group>";
		};
		FE19EAA321FCB6E900583EF8 /* Networking */ = {
			isa = PBXGroup;
			children = (
				FE19EAA721FCB71100583EF8 /* Enconding */,
				FE19EAA621FCB70D00583EF8 /* Service */,
				FE19EAA521FCB70300583EF8 /* Manager */,
				FE19EAA421FCB6FB00583EF8 /* EndPoint */,
			);
			path = Networking;
			sourceTree = "<group>";
		};
		FE19EAA421FCB6FB00583EF8 /* EndPoint */ = {
			isa = PBXGroup;
			children = (
				FE19EABC21FCFB0B00583EF8 /* Flickr */,
			);
			path = EndPoint;
			sourceTree = "<group>";
		};
		FE19EAA521FCB70300583EF8 /* Manager */ = {
			isa = PBXGroup;
			children = (
				FE19EAC121FD0E4800583EF8 /* Flickr */,
			);
			path = Manager;
			sourceTree = "<group>";
		};
		FE19EAA621FCB70D00583EF8 /* Service */ = {
			isa = PBXGroup;
			children = (
				FE19EAA821FCBA6F00583EF8 /* EndPointType.swift */,
				FE19EAAA21FCBB4B00583EF8 /* HTTPMethod.swift */,
				FE19EAAC21FCBC0000583EF8 /* HTTPTask.swift */,
				FE19EAB421FCCCDB00583EF8 /* NetworkRouter.swift */,
				FE19EAB621FCDED900583EF8 /* Router.swift */,
				FE19EAC221FD175700583EF8 /* NetworkLogger.swift */,
			);
			path = Service;
			sourceTree = "<group>";
		};
		FE19EAA721FCB71100583EF8 /* Enconding */ = {
			isa = PBXGroup;
			children = (
				FE19EAAE21FCC39D00583EF8 /* ParameterEnconding.swift */,
				FE19EAB021FCC6A100583EF8 /* URLParameterEncoder.swift */,
				FE19EAB221FCCBB800583EF8 /* JSONParameterEncoder.swift */,
			);
			path = Enconding;
			sourceTree = "<group>";
		};
		FE19EABC21FCFB0B00583EF8 /* Flickr */ = {
			isa = PBXGroup;
			children = (
				FE19EAB821FCF3BC00583EF8 /* FlickrApi.swift */,
				FE19EABD21FCFB1F00583EF8 /* FlickrConstants.swift */,
			);
			path = Flickr;
			sourceTree = "<group>";
		};
		FE19EAC121FD0E4800583EF8 /* Flickr */ = {
			isa = PBXGroup;
			children = (
				FE19EABA21FCF58200583EF8 /* FlickrApiManager.swift */,
			);
			path = Flickr;
			sourceTree = "<group>";
		};
/* End PBXGroup section */

/* Begin PBXNativeTarget section */
		FE19EA2721F65E8800583EF8 /* VirtualTourist */ = {
			isa = PBXNativeTarget;
			buildConfigurationList = FE19EA3A21F65E8B00583EF8 /* Build configuration list for PBXNativeTarget "VirtualTourist" */;
			buildPhases = (
				FE19EA2421F65E8800583EF8 /* Sources */,
				FE19EA2521F65E8800583EF8 /* Frameworks */,
				FE19EA2621F65E8800583EF8 /* Resources */,
			);
			buildRules = (
			);
			dependencies = (
			);
			name = VirtualTourist;
			productName = VirtualTourist;
			productReference = FE19EA2821F65E8900583EF8 /* VirtualTourist.app */;
			productType = "com.apple.product-type.application";
		};
/* End PBXNativeTarget section */

/* Begin PBXProject section */
		FE19EA2021F65E8800583EF8 /* Project object */ = {
			isa = PBXProject;
			attributes = {
				LastSwiftUpdateCheck = 1010;
				LastUpgradeCheck = 1010;
				ORGANIZATIONNAME = "Matheus Lima";
				TargetAttributes = {
					FE19EA2721F65E8800583EF8 = {
						CreatedOnToolsVersion = 10.1;
					};
				};
			};
			buildConfigurationList = FE19EA2321F65E8800583EF8 /* Build configuration list for PBXProject "VirtualTourist" */;
			compatibilityVersion = "Xcode 9.3";
			developmentRegion = en;
			hasScannedForEncodings = 0;
			knownRegions = (
				en,
				Base,
			);
			mainGroup = FE19EA1F21F65E8800583EF8;
			productRefGroup = FE19EA2921F65E8900583EF8 /* Products */;
			projectDirPath = "";
			projectRoot = "";
			targets = (
				FE19EA2721F65E8800583EF8 /* VirtualTourist */,
			);
		};
/* End PBXProject section */

/* Begin PBXResourcesBuildPhase section */
		FE19EA2621F65E8800583EF8 /* Resources */ = {
			isa = PBXResourcesBuildPhase;
			buildActionMask = 2147483647;
			files = (
				FE19EA3621F65E8B00583EF8 /* LaunchScreen.storyboard in Resources */,
				FE19EA3321F65E8B00583EF8 /* Assets.xcassets in Resources */,
				FE19EA3121F65E8900583EF8 /* Main.storyboard in Resources */,
			);
			runOnlyForDeploymentPostprocessing = 0;
		};
/* End PBXResourcesBuildPhase section */

/* Begin PBXSourcesBuildPhase section */
		FE19EA2421F65E8800583EF8 /* Sources */ = {
			isa = PBXSourcesBuildPhase;
			buildActionMask = 2147483647;
			files = (
				FE19EAC321FD175700583EF8 /* NetworkLogger.swift in Sources */,
				FE19EAC021FD01ED00583EF8 /* Photo.swift in Sources */,
				FE19EAB321FCCBB800583EF8 /* JSONParameterEncoder.swift in Sources */,
				FE19EA2E21F65E8900583EF8 /* MapViewController.swift in Sources */,
				FE19EA9C21FBCCF700583EF8 /* FlickrConvenience.swift in Sources */,
				FE19EAB721FCDED900583EF8 /* Router.swift in Sources */,
				FE19EAB921FCF3BC00583EF8 /* FlickrApi.swift in Sources */,
				FE19EABE21FCFB1F00583EF8 /* FlickrConstants.swift in Sources */,
				FE19EAAD21FCBC0000583EF8 /* HTTPTask.swift in Sources */,
				FE19EAA921FCBA6F00583EF8 /* EndPointType.swift in Sources */,
				FE19EA2C21F65E8900583EF8 /* AppDelegate.swift in Sources */,
				FE19EAB121FCC6A100583EF8 /* URLParameterEncoder.swift in Sources */,
				FE19EABB21FCF58200583EF8 /* FlickrApiManager.swift in Sources */,
				FE19EA8E21F8C7B200583EF8 /* VirtualTourist.xcdatamodeld in Sources */,
				FE19EAAF21FCC39D00583EF8 /* ParameterEnconding.swift in Sources */,
				FE19EAAB21FCBB4B00583EF8 /* HTTPMethod.swift in Sources */,
				FE19EA9521FA1A7200583EF8 /* Location+MKAnnotation.swift in Sources */,
				FE19EAB521FCCCDB00583EF8 /* NetworkRouter.swift in Sources */,
				FE19EA9021F8C97800583EF8 /* CoreDataStack.swift in Sources */,
				FE19EA9821FB989300583EF8 /* FlickrClient.swift in Sources */,
			);
			runOnlyForDeploymentPostprocessing = 0;
		};
/* End PBXSourcesBuildPhase section */

/* Begin PBXVariantGroup section */
		FE19EA2F21F65E8900583EF8 /* Main.storyboard */ = {
			isa = PBXVariantGroup;
			children = (
				FE19EA3021F65E8900583EF8 /* Base */,
			);
			name = Main.storyboard;
			sourceTree = "<group>";
		};
		FE19EA3421F65E8B00583EF8 /* LaunchScreen.storyboard */ = {
			isa = PBXVariantGroup;
			children = (
				FE19EA3521F65E8B00583EF8 /* Base */,
			);
			name = LaunchScreen.storyboard;
			sourceTree = "<group>";
		};
/* End PBXVariantGroup section */

/* Begin XCBuildConfiguration section */
		FE19EA3821F65E8B00583EF8 /* Debug */ = {
			isa = XCBuildConfiguration;
			buildSettings = {
				ALWAYS_SEARCH_USER_PATHS = NO;
				CLANG_ANALYZER_NONNULL = YES;
				CLANG_ANALYZER_NUMBER_OBJECT_CONVERSION = YES_AGGRESSIVE;
				CLANG_CXX_LANGUAGE_STANDARD = "gnu++14";
				CLANG_CXX_LIBRARY = "libc++";
				CLANG_ENABLE_MODULES = YES;
				CLANG_ENABLE_OBJC_ARC = YES;
				CLANG_ENABLE_OBJC_WEAK = YES;
				CLANG_WARN_BLOCK_CAPTURE_AUTORELEASING = YES;
				CLANG_WARN_BOOL_CONVERSION = YES;
				CLANG_WARN_COMMA = YES;
				CLANG_WARN_CONSTANT_CONVERSION = YES;
				CLANG_WARN_DEPRECATED_OBJC_IMPLEMENTATIONS = YES;
				CLANG_WARN_DIRECT_OBJC_ISA_USAGE = YES_ERROR;
				CLANG_WARN_DOCUMENTATION_COMMENTS = YES;
				CLANG_WARN_EMPTY_BODY = YES;
				CLANG_WARN_ENUM_CONVERSION = YES;
				CLANG_WARN_INFINITE_RECURSION = YES;
				CLANG_WARN_INT_CONVERSION = YES;
				CLANG_WARN_NON_LITERAL_NULL_CONVERSION = YES;
				CLANG_WARN_OBJC_IMPLICIT_RETAIN_SELF = YES;
				CLANG_WARN_OBJC_LITERAL_CONVERSION = YES;
				CLANG_WARN_OBJC_ROOT_CLASS = YES_ERROR;
				CLANG_WARN_RANGE_LOOP_ANALYSIS = YES;
				CLANG_WARN_STRICT_PROTOTYPES = YES;
				CLANG_WARN_SUSPICIOUS_MOVE = YES;
				CLANG_WARN_UNGUARDED_AVAILABILITY = YES_AGGRESSIVE;
				CLANG_WARN_UNREACHABLE_CODE = YES;
				CLANG_WARN__DUPLICATE_METHOD_MATCH = YES;
				CODE_SIGN_IDENTITY = "iPhone Developer";
				COPY_PHASE_STRIP = NO;
				DEBUG_INFORMATION_FORMAT = dwarf;
				ENABLE_STRICT_OBJC_MSGSEND = YES;
				ENABLE_TESTABILITY = YES;
				GCC_C_LANGUAGE_STANDARD = gnu11;
				GCC_DYNAMIC_NO_PIC = NO;
				GCC_NO_COMMON_BLOCKS = YES;
				GCC_OPTIMIZATION_LEVEL = 0;
				GCC_PREPROCESSOR_DEFINITIONS = (
					"DEBUG=1",
					"$(inherited)",
				);
				GCC_WARN_64_TO_32_BIT_CONVERSION = YES;
				GCC_WARN_ABOUT_RETURN_TYPE = YES_ERROR;
				GCC_WARN_UNDECLARED_SELECTOR = YES;
				GCC_WARN_UNINITIALIZED_AUTOS = YES_AGGRESSIVE;
				GCC_WARN_UNUSED_FUNCTION = YES;
				GCC_WARN_UNUSED_VARIABLE = YES;
				IPHONEOS_DEPLOYMENT_TARGET = 12.1;
				MTL_ENABLE_DEBUG_INFO = INCLUDE_SOURCE;
				MTL_FAST_MATH = YES;
				ONLY_ACTIVE_ARCH = YES;
				SDKROOT = iphoneos;
				SWIFT_ACTIVE_COMPILATION_CONDITIONS = DEBUG;
				SWIFT_OPTIMIZATION_LEVEL = "-Onone";
			};
			name = Debug;
		};
		FE19EA3921F65E8B00583EF8 /* Release */ = {
			isa = XCBuildConfiguration;
			buildSettings = {
				ALWAYS_SEARCH_USER_PATHS = NO;
				CLANG_ANALYZER_NONNULL = YES;
				CLANG_ANALYZER_NUMBER_OBJECT_CONVERSION = YES_AGGRESSIVE;
				CLANG_CXX_LANGUAGE_STANDARD = "gnu++14";
				CLANG_CXX_LIBRARY = "libc++";
				CLANG_ENABLE_MODULES = YES;
				CLANG_ENABLE_OBJC_ARC = YES;
				CLANG_ENABLE_OBJC_WEAK = YES;
				CLANG_WARN_BLOCK_CAPTURE_AUTORELEASING = YES;
				CLANG_WARN_BOOL_CONVERSION = YES;
				CLANG_WARN_COMMA = YES;
				CLANG_WARN_CONSTANT_CONVERSION = YES;
				CLANG_WARN_DEPRECATED_OBJC_IMPLEMENTATIONS = YES;
				CLANG_WARN_DIRECT_OBJC_ISA_USAGE = YES_ERROR;
				CLANG_WARN_DOCUMENTATION_COMMENTS = YES;
				CLANG_WARN_EMPTY_BODY = YES;
				CLANG_WARN_ENUM_CONVERSION = YES;
				CLANG_WARN_INFINITE_RECURSION = YES;
				CLANG_WARN_INT_CONVERSION = YES;
				CLANG_WARN_NON_LITERAL_NULL_CONVERSION = YES;
				CLANG_WARN_OBJC_IMPLICIT_RETAIN_SELF = YES;
				CLANG_WARN_OBJC_LITERAL_CONVERSION = YES;
				CLANG_WARN_OBJC_ROOT_CLASS = YES_ERROR;
				CLANG_WARN_RANGE_LOOP_ANALYSIS = YES;
				CLANG_WARN_STRICT_PROTOTYPES = YES;
				CLANG_WARN_SUSPICIOUS_MOVE = YES;
				CLANG_WARN_UNGUARDED_AVAILABILITY = YES_AGGRESSIVE;
				CLANG_WARN_UNREACHABLE_CODE = YES;
				CLANG_WARN__DUPLICATE_METHOD_MATCH = YES;
				CODE_SIGN_IDENTITY = "iPhone Developer";
				COPY_PHASE_STRIP = NO;
				DEBUG_INFORMATION_FORMAT = "dwarf-with-dsym";
				ENABLE_NS_ASSERTIONS = NO;
				ENABLE_STRICT_OBJC_MSGSEND = YES;
				GCC_C_LANGUAGE_STANDARD = gnu11;
				GCC_NO_COMMON_BLOCKS = YES;
				GCC_WARN_64_TO_32_BIT_CONVERSION = YES;
				GCC_WARN_ABOUT_RETURN_TYPE = YES_ERROR;
				GCC_WARN_UNDECLARED_SELECTOR = YES;
				GCC_WARN_UNINITIALIZED_AUTOS = YES_AGGRESSIVE;
				GCC_WARN_UNUSED_FUNCTION = YES;
				GCC_WARN_UNUSED_VARIABLE = YES;
				IPHONEOS_DEPLOYMENT_TARGET = 12.1;
				MTL_ENABLE_DEBUG_INFO = NO;
				MTL_FAST_MATH = YES;
				SDKROOT = iphoneos;
				SWIFT_COMPILATION_MODE = wholemodule;
				SWIFT_OPTIMIZATION_LEVEL = "-O";
				VALIDATE_PRODUCT = YES;
			};
			name = Release;
		};
		FE19EA3B21F65E8B00583EF8 /* Debug */ = {
			isa = XCBuildConfiguration;
			buildSettings = {
				ASSETCATALOG_COMPILER_APPICON_NAME = AppIcon;
				CODE_SIGN_STYLE = Automatic;
				DEVELOPMENT_TEAM = 3TBYKSQUS6;
				INFOPLIST_FILE = "$(SRCROOT)/VirtualTourist/Supporting Files/Info.plist";
				LD_RUNPATH_SEARCH_PATHS = (
					"$(inherited)",
					"@executable_path/Frameworks",
				);
				PRODUCT_BUNDLE_IDENTIFIER = com.udacity.course.matheus.lima.VirtualTourist;
				PRODUCT_NAME = "$(TARGET_NAME)";
				SWIFT_VERSION = 4.2;
				TARGETED_DEVICE_FAMILY = 1;
			};
			name = Debug;
		};
		FE19EA3C21F65E8B00583EF8 /* Release */ = {
			isa = XCBuildConfiguration;
			buildSettings = {
				ASSETCATALOG_COMPILER_APPICON_NAME = AppIcon;
				CODE_SIGN_STYLE = Automatic;
				DEVELOPMENT_TEAM = 3TBYKSQUS6;
				INFOPLIST_FILE = "$(SRCROOT)/VirtualTourist/Supporting Files/Info.plist";
				LD_RUNPATH_SEARCH_PATHS = (
					"$(inherited)",
					"@executable_path/Frameworks",
				);
				PRODUCT_BUNDLE_IDENTIFIER = com.udacity.course.matheus.lima.VirtualTourist;
				PRODUCT_NAME = "$(TARGET_NAME)";
				SWIFT_VERSION = 4.2;
				TARGETED_DEVICE_FAMILY = 1;
			};
			name = Release;
		};
/* End XCBuildConfiguration section */

/* Begin XCConfigurationList section */
		FE19EA2321F65E8800583EF8 /* Build configuration list for PBXProject "VirtualTourist" */ = {
			isa = XCConfigurationList;
			buildConfigurations = (
				FE19EA3821F65E8B00583EF8 /* Debug */,
				FE19EA3921F65E8B00583EF8 /* Release */,
			);
			defaultConfigurationIsVisible = 0;
			defaultConfigurationName = Release;
		};
		FE19EA3A21F65E8B00583EF8 /* Build configuration list for PBXNativeTarget "VirtualTourist" */ = {
			isa = XCConfigurationList;
			buildConfigurations = (
				FE19EA3B21F65E8B00583EF8 /* Debug */,
				FE19EA3C21F65E8B00583EF8 /* Release */,
			);
			defaultConfigurationIsVisible = 0;
			defaultConfigurationName = Release;
		};
/* End XCConfigurationList section */

/* Begin XCVersionGroup section */
		FE19EA8C21F8C7B200583EF8 /* VirtualTourist.xcdatamodeld */ = {
			isa = XCVersionGroup;
			children = (
				FE19EA8D21F8C7B200583EF8 /* VirtualTourist.xcdatamodel */,
			);
			currentVersion = FE19EA8D21F8C7B200583EF8 /* VirtualTourist.xcdatamodel */;
			path = VirtualTourist.xcdatamodeld;
			sourceTree = "<group>";
			versionGroupType = wrapper.xcdatamodel;
		};
/* End XCVersionGroup section */
	};
	rootObject = FE19EA2021F65E8800583EF8 /* Project object */;
}
